// !$*UTF8*$!
{
	archiveVersion = 1;
	classes = {
	};
	objectVersion = 46;
	objects = {

/* Begin PBXBuildFile section */
		227EFEC014F2CD0100FA9A3B /* UIKit.framework in Frameworks */ = {isa = PBXBuildFile; fileRef = 227EFEBF14F2CD0100FA9A3B /* UIKit.framework */; };
		227EFEC214F2CD0100FA9A3B /* Foundation.framework in Frameworks */ = {isa = PBXBuildFile; fileRef = 227EFEC114F2CD0100FA9A3B /* Foundation.framework */; };
		227EFEC414F2CD0100FA9A3B /* CoreGraphics.framework in Frameworks */ = {isa = PBXBuildFile; fileRef = 227EFEC314F2CD0100FA9A3B /* CoreGraphics.framework */; };
		227EFECA14F2CD0100FA9A3B /* InfoPlist.strings in Resources */ = {isa = PBXBuildFile; fileRef = 227EFEC814F2CD0100FA9A3B /* InfoPlist.strings */; };
		227EFECC14F2CD0100FA9A3B /* main.m in Sources */ = {isa = PBXBuildFile; fileRef = 227EFECB14F2CD0100FA9A3B /* main.m */; };
		227EFED014F2CD0100FA9A3B /* CalculatorAppDelegate.m in Sources */ = {isa = PBXBuildFile; fileRef = 227EFECF14F2CD0100FA9A3B /* CalculatorAppDelegate.m */; };
		227EFED314F2CD0100FA9A3B /* MainStoryboard.storyboard in Resources */ = {isa = PBXBuildFile; fileRef = 227EFED114F2CD0100FA9A3B /* MainStoryboard.storyboard */; };
		227EFED614F2CD0100FA9A3B /* CalculatorViewController.m in Sources */ = {isa = PBXBuildFile; fileRef = 227EFED514F2CD0100FA9A3B /* CalculatorViewController.m */; };
/* End PBXBuildFile section */

/* Begin PBXFileReference section */
		227EFEBB14F2CD0100FA9A3B /* Calculator.app */ = {isa = PBXFileReference; explicitFileType = wrapper.application; includeInIndex = 0; path = Calculator.app; sourceTree = BUILT_PRODUCTS_DIR; };
		227EFEBF14F2CD0100FA9A3B /* UIKit.framework */ = {isa = PBXFileReference; lastKnownFileType = wrapper.framework; name = UIKit.framework; path = System/Library/Frameworks/UIKit.framework; sourceTree = SDKROOT; };
		227EFEC114F2CD0100FA9A3B /* Foundation.framework */ = {isa = PBXFileReference; lastKnownFileType = wrapper.framework; name = Foundation.framework; path = System/Library/Frameworks/Foundation.framework; sourceTree = SDKROOT; };
		227EFEC314F2CD0100FA9A3B /* CoreGraphics.framework */ = {isa = PBXFileReference; lastKnownFileType = wrapper.framework; name = CoreGraphics.framework; path = System/Library/Frameworks/CoreGraphics.framework; sourceTree = SDKROOT; };
		227EFEC714F2CD0100FA9A3B /* Calculator-Info.plist */ = {isa = PBXFileReference; path = "Calculator-Info.plist"; sourceTree = "<group>"; };
		227EFEC914F2CD0100FA9A3B /* en */ = {isa = PBXFileReference; lastKnownFileType = text.plist.strings; name = en; path = en.lproj/InfoPlist.strings; sourceTree = "<group>"; };
		227EFECB14F2CD0100FA9A3B /* main.m */ = {isa = PBXFileReference; lastKnownFileType = sourcecode.c.objc; path = main.m; sourceTree = "<group>"; };
		227EFECD14F2CD0100FA9A3B /* Calculator-Prefix.pch */ = {isa = PBXFileReference; path = "Calculator-Prefix.pch"; sourceTree = "<group>"; };
		227EFECE14F2CD0100FA9A3B /* CalculatorAppDelegate.h */ = {isa = PBXFileReference; path = CalculatorAppDelegate.h; sourceTree = "<group>"; };
		227EFECF14F2CD0100FA9A3B /* CalculatorAppDelegate.m */ = {isa = PBXFileReference; lastKnownFileType = sourcecode.c.objc; path = CalculatorAppDelegate.m; sourceTree = "<group>"; };
		227EFED214F2CD0100FA9A3B /* en */ = {isa = PBXFileReference; lastKnownFileType = file.storyboard; name = en; path = en.lproj/MainStoryboard.storyboard; sourceTree = "<group>"; };
		227EFED414F2CD0100FA9A3B /* CalculatorViewController.h */ = {isa = PBXFileReference; path = CalculatorViewController.h; sourceTree = "<group>"; };
		227EFED514F2CD0100FA9A3B /* CalculatorViewController.m */ = {isa = PBXFileReference; lastKnownFileType = sourcecode.c.objc; path = CalculatorViewController.m; sourceTree = "<group>"; };
/* End PBXFileReference section */

/* Begin PBXFrameworksBuildPhase section */
		227EFEB814F2CD0100FA9A3B /* Frameworks */ = {
			isa = PBXFrameworksBuildPhase;
			buildActionMask = 2147483647;
			files = (
				227EFEC014F2CD0100FA9A3B /* UIKit.framework in Frameworks */,
				227EFEC214F2CD0100FA9A3B /* Foundation.framework in Frameworks */,
				227EFEC414F2CD0100FA9A3B /* CoreGraphics.framework in Frameworks */,
			);
			runOnlyForDeploymentPostprocessing = 0;
		};
/* End PBXFrameworksBuildPhase section */

/* Begin PBXGroup section */
		227EFEB014F2CD0100FA9A3B = {
			isa = PBXGroup;
			children = (
				227EFEC514F2CD0100FA9A3B /* Calculator */,
				227EFEBE14F2CD0100FA9A3B /* Frameworks */,
				227EFEBC14F2CD0100FA9A3B /* Products */,
			);
			sourceTree = "<group>";
		};
		227EFEBC14F2CD0100FA9A3B /* Products */ = {
			isa = PBXGroup;
			children = (
				227EFEBB14F2CD0100FA9A3B /* Calculator.app */,
			);
			name = Products;
			sourceTree = "<group>";
		};
		227EFEBE14F2CD0100FA9A3B /* Frameworks */ = {
			isa = PBXGroup;
			children = (
				227EFEBF14F2CD0100FA9A3B /* UIKit.framework */,
				227EFEC114F2CD0100FA9A3B /* Foundation.framework */,
				227EFEC314F2CD0100FA9A3B /* CoreGraphics.framework */,
			);
			name = Frameworks;
			sourceTree = "<group>";
		};
		227EFEC514F2CD0100FA9A3B /* Calculator */ = {
			isa = PBXGroup;
			children = (
				227EFECE14F2CD0100FA9A3B /* CalculatorAppDelegate.h */,
				227EFECF14F2CD0100FA9A3B /* CalculatorAppDelegate.m */,
				227EFED114F2CD0100FA9A3B /* MainStoryboard.storyboard */,
				227EFED414F2CD0100FA9A3B /* CalculatorViewController.h */,
				227EFED514F2CD0100FA9A3B /* CalculatorViewController.m */,
				227EFEC614F2CD0100FA9A3B /* Supporting Files */,
			);
			path = Calculator;
			sourceTree = "<group>";
		};
		227EFEC614F2CD0100FA9A3B /* Supporting Files */ = {
			isa = PBXGroup;
			children = (
				227EFEC714F2CD0100FA9A3B /* Calculator-Info.plist */,
				227EFEC814F2CD0100FA9A3B /* InfoPlist.strings */,
				227EFECB14F2CD0100FA9A3B /* main.m */,
				227EFECD14F2CD0100FA9A3B /* Calculator-Prefix.pch */,
			);
			name = "Supporting Files";
			sourceTree = "<group>";
		};
/* End PBXGroup section */

/* Begin PBXNativeTarget section */
		227EFEBA14F2CD0100FA9A3B /* Calculator */ = {
			isa = PBXNativeTarget;
			buildConfigurationList = 227EFED914F2CD0100FA9A3B /* Build configuration list for PBXNativeTarget "Calculator" */;
			buildPhases = (
				227EFEB714F2CD0100FA9A3B /* Sources */,
				227EFEB814F2CD0100FA9A3B /* Frameworks */,
				227EFEB914F2CD0100FA9A3B /* Resources */,
			);
			buildRules = (
			);
			dependencies = (
			);
			name = Calculator;
			productName = Calculator;
			productReference = 227EFEBB14F2CD0100FA9A3B /* Calculator.app */;
			productType = "com.apple.product-type.application";
		};
/* End PBXNativeTarget section */

/* Begin PBXProject section */
		227EFEB214F2CD0100FA9A3B /* Project object */ = {
			isa = PBXProject;
			attributes = {
				LastUpgradeCheck = 0420;
			};
			buildConfigurationList = 227EFEB514F2CD0100FA9A3B /* Build configuration list for PBXProject "Calculator" */;
			compatibilityVersion = "Xcode 3.2";
			developmentRegion = English;
			hasScannedForEncodings = 0;
			knownRegions = (
				en,
			);
			mainGroup = 227EFEB014F2CD0100FA9A3B;
			productRefGroup = 227EFEBC14F2CD0100FA9A3B /* Products */;
			projectDirPath = "";
			projectRoot = "";
			targets = (
				227EFEBA14F2CD0100FA9A3B /* Calculator */,
			);
		};
/* End PBXProject section */

/* Begin PBXResourcesBuildPhase section */
		227EFEB914F2CD0100FA9A3B /* Resources */ = {
			isa = PBXResourcesBuildPhase;
			buildActionMask = 2147483647;
			files = (
				227EFECA14F2CD0100FA9A3B /* InfoPlist.strings in Resources */,
				227EFED314F2CD0100FA9A3B /* MainStoryboard.storyboard in Resources */,
			);
			runOnlyForDeploymentPostprocessing = 0;
		};
/* End PBXResourcesBuildPhase section */

/* Begin PBXSourcesBuildPhase section */
		227EFEB714F2CD0100FA9A3B /* Sources */ = {
			isa = PBXSourcesBuildPhase;
			buildActionMask = 2147483647;
			files = (
				227EFECC14F2CD0100FA9A3B /* main.m in Sources */,
				227EFED014F2CD0100FA9A3B /* CalculatorAppDelegate.m in Sources */,
				227EFED614F2CD0100FA9A3B /* CalculatorViewController.m in Sources */,
			);
			runOnlyForDeploymentPostprocessing = 0;
		};
/* End PBXSourcesBuildPhase section */

/* Begin PBXVariantGroup section */
		227EFEC814F2CD0100FA9A3B /* InfoPlist.strings */ = {
			isa = PBXVariantGroup;
			children = (
				227EFEC914F2CD0100FA9A3B /* en */,
			);
			name = InfoPlist.strings;
			sourceTree = "<group>";
		};
		227EFED114F2CD0100FA9A3B /* MainStoryboard.storyboard */ = {
			isa = PBXVariantGroup;
			children = (
				227EFED214F2CD0100FA9A3B /* en */,
			);
			name = MainStoryboard.storyboard;
			sourceTree = "<group>";
		};
/* End PBXVariantGroup section */

/* Begin XCBuildConfiguration section */
		227EFED714F2CD0100FA9A3B /* Debug */ = {
			isa = XCBuildConfiguration;
			buildSettings = {
				ALWAYS_SEARCH_USER_PATHS = NO;
				ARCHS = "$(ARCHS_STANDARD_32_BIT)";
				CLANG_ENABLE_OBJC_ARC = YES;
				"CODE_SIGN_IDENTITY[sdk=iphoneos*]" = "iPhone Developer";
				COPY_PHASE_STRIP = NO;
				GCC_C_LANGUAGE_STANDARD = gnu99;
				GCC_DYNAMIC_NO_PIC = NO;
				GCC_OPTIMIZATION_LEVEL = 0;
				GCC_PREPROCESSOR_DEFINITIONS = (
					"DEBUG=1",
					"$(inherited)",
				);
				GCC_SYMBOLS_PRIVATE_EXTERN = NO;
				GCC_VERSION = com.apple.compilers.llvm.clang.1_0;
				GCC_WARN_ABOUT_MISSING_PROTOTYPES = YES;
				GCC_WARN_ABOUT_RETURN_TYPE = YES;
				GCC_WARN_UNUSED_VARIABLE = YES;
				IPHONEOS_DEPLOYMENT_TARGET = 5.0;
				SDKROOT = iphoneos;
			};
			name = Debug;
		};
		227EFED814F2CD0100FA9A3B /* Release */ = {
			isa = XCBuildConfiguration;
			buildSettings = {
				ALWAYS_SEARCH_USER_PATHS = NO;
				ARCHS = "$(ARCHS_STANDARD_32_BIT)";
				CLANG_ENABLE_OBJC_ARC = YES;
				"CODE_SIGN_IDENTITY[sdk=iphoneos*]" = "iPhone Developer";
				COPY_PHASE_STRIP = YES;
				GCC_C_LANGUAGE_STANDARD = gnu99;
				GCC_VERSION = com.apple.compilers.llvm.clang.1_0;
				GCC_WARN_ABOUT_MISSING_PROTOTYPES = YES;
				GCC_WARN_ABOUT_RETURN_TYPE = YES;
				GCC_WARN_UNUSED_VARIABLE = YES;
				IPHONEOS_DEPLOYMENT_TARGET = 5.0;
				OTHER_CFLAGS = "-DNS_BLOCK_ASSERTIONS=1";
				SDKROOT = iphoneos;
				VALIDATE_PRODUCT = YES;
			};
			name = Release;
		};
		227EFEDA14F2CD0100FA9A3B /* Debug */ = {
			isa = XCBuildConfiguration;
			buildSettings = {
				GCC_PRECOMPILE_PREFIX_HEADER = YES;
				GCC_PREFIX_HEADER = "Calculator/Calculator-Prefix.pch";
				INFOPLIST_FILE = "Calculator/Calculator-Info.plist";
				PRODUCT_NAME = "$(TARGET_NAME)";
				WRAPPER_EXTENSION = app;
			};
			name = Debug;
		};
		227EFEDB14F2CD0100FA9A3B /* Release */ = {
			isa = XCBuildConfiguration;
			buildSettings = {
				GCC_PRECOMPILE_PREFIX_HEADER = YES;
				GCC_PREFIX_HEADER = "Calculator/Calculator-Prefix.pch";
				INFOPLIST_FILE = "Calculator/Calculator-Info.plist";
				PRODUCT_NAME = "$(TARGET_NAME)";
				WRAPPER_EXTENSION = app;
			};
			name = Release;
		};
/* End XCBuildConfiguration section */

/* Begin XCConfigurationList section */
		227EFEB514F2CD0100FA9A3B /* Build configuration list for PBXProject "Calculator" */ = {
			isa = XCConfigurationList;
			buildConfigurations = (
				227EFED714F2CD0100FA9A3B /* Debug */,
				227EFED814F2CD0100FA9A3B /* Release */,
			);
			defaultConfigurationIsVisible = 0;
			defaultConfigurationName = Release;
		};
		227EFED914F2CD0100FA9A3B /* Build configuration list for PBXNativeTarget "Calculator" */ = {
			isa = XCConfigurationList;
			buildConfigurations = (
				227EFEDA14F2CD0100FA9A3B /* Debug */,
				227EFEDB14F2CD0100FA9A3B /* Release */,
			);
			defaultConfigurationIsVisible = 0;
		};
/* End XCConfigurationList section */
	};
	rootObject = 227EFEB214F2CD0100FA9A3B /* Project object */;
}
